// !$*UTF8*$!
{
	archiveVersion = 1;
	classes = {
	};
	objectVersion = 46;
	objects = {

/* Begin PBXFileReference section */
		9375E11E149284940091013A /* convert-insight.pl */ = {isa = PBXFileReference; lastKnownFileType = text.script.perl; path = "convert-insight.pl"; sourceTree = "<group>"; };
		9375E11F149284940091013A /* createContactFolders.pl */ = {isa = PBXFileReference; lastKnownFileType = text.script.perl; path = createContactFolders.pl; sourceTree = "<group>"; };
		9375E120149284940091013A /* disbatch.pl */ = {isa = PBXFileReference; lastKnownFileType = text.script.perl; path = disbatch.pl; sourceTree = "<group>"; };
		9375E121149284940091013A /* disbatchd.pl */ = {isa = PBXFileReference; lastKnownFileType = text.script.perl; path = disbatchd.pl; sourceTree = "<group>"; };
		9375E122149284940091013A /* insAttrs.pl */ = {isa = PBXFileReference; lastKnownFileType = text.script.perl; path = insAttrs.pl; sourceTree = "<group>"; };
		9375E123149284940091013A /* insContacts.pl */ = {isa = PBXFileReference; lastKnownFileType = text.script.perl; path = insContacts.pl; sourceTree = "<group>"; };
		9375E124149284940091013A /* insight-report.pl */ = {isa = PBXFileReference; lastKnownFileType = text.script.perl; path = "insight-report.pl"; sourceTree = "<group>"; };
		9375E125149284940091013A /* insReactivate.pl */ = {isa = PBXFileReference; lastKnownFileType = text.script.perl; path = insReactivate.pl; sourceTree = "<group>"; };
		9375E126149284940091013A /* test.pl */ = {isa = PBXFileReference; lastKnownFileType = text.script.perl; path = test.pl; sourceTree = "<group>"; };
		9375E128149284940091013A /* convert-insight.pl */ = {isa = PBXFileReference; lastKnownFileType = text.script.perl; path = "convert-insight.pl"; sourceTree = "<group>"; };
		9375E129149284940091013A /* createContactFolders.pl */ = {isa = PBXFileReference; lastKnownFileType = text.script.perl; path = createContactFolders.pl; sourceTree = "<group>"; };
		9375E12A149284940091013A /* createContactFolders.pm */ = {isa = PBXFileReference; lastKnownFileType = text.script.perl; path = createContactFolders.pm; sourceTree = "<group>"; };
		9375E12B149284940091013A /* disbatch.pl */ = {isa = PBXFileReference; lastKnownFileType = text.script.perl; path = disbatch.pl; sourceTree = "<group>"; };
		9375E12C149284940091013A /* disbatchd.pl */ = {isa = PBXFileReference; lastKnownFileType = text.script.perl; path = disbatchd.pl; sourceTree = "<group>"; };
		9375E12D149284940091013A /* insAttrs.pl */ = {isa = PBXFileReference; lastKnownFileType = text.script.perl; path = insAttrs.pl; sourceTree = "<group>"; };
		9375E12E149284940091013A /* insContacts.pl */ = {isa = PBXFileReference; lastKnownFileType = text.script.perl; path = insContacts.pl; sourceTree = "<group>"; };
		9375E12F149284940091013A /* insFilters.pl */ = {isa = PBXFileReference; lastKnownFileType = text.script.perl; path = insFilters.pl; sourceTree = "<group>"; };
		9375E130149284940091013A /* insFilters_soap.pl */ = {isa = PBXFileReference; lastKnownFileType = text.script.perl; path = insFilters_soap.pl; sourceTree = "<group>"; };
		9375E131149284940091013A /* insight-dump.pl */ = {isa = PBXFileReference; lastKnownFileType = text.script.perl; path = "insight-dump.pl"; sourceTree = "<group>"; };
		9375E132149284940091013A /* insight-redo-ldap.pl */ = {isa = PBXFileReference; lastKnownFileType = text.script.perl; path = "insight-redo-ldap.pl"; sourceTree = "<group>"; };
		9375E133149284940091013A /* insight-report.pl */ = {isa = PBXFileReference; lastKnownFileType = text.script.perl; path = "insight-report.pl"; sourceTree = "<group>"; };
		9375E134149284940091013A /* insReactivate.pl */ = {isa = PBXFileReference; lastKnownFileType = text.script.perl; path = insReactivate.pl; sourceTree = "<group>"; };
		9375E135149284940091013A /* test.pl */ = {isa = PBXFileReference; lastKnownFileType = text.script.perl; path = test.pl; sourceTree = "<group>"; };
		9375E136149284940091013A /* update-users.pl */ = {isa = PBXFileReference; lastKnownFileType = text.script.perl; path = "update-users.pl"; sourceTree = "<group>"; };
		9375E139149284940091013A /* DESIGN.pod */ = {isa = PBXFileReference; lastKnownFileType = text; path = DESIGN.pod; sourceTree = "<group>"; };
		9375E13B149284940091013A /* disbatch-perl.xcodeproj */ = {isa = PBXFileReference; lastKnownFileType = "wrapper.pb-project"; path = "disbatch-perl.xcodeproj"; sourceTree = "<group>"; };
		9375E13F149284940091013A /* enclosure.ini */ = {isa = PBXFileReference; lastKnownFileType = text; path = enclosure.ini; sourceTree = "<group>"; };
		9375E140149284940091013A /* disbatch.ini */ = {isa = PBXFileReference; lastKnownFileType = text; path = disbatch.ini; sourceTree = "<group>"; };
		9375E143149284940091013A /* disbatch.pl */ = {isa = PBXFileReference; lastKnownFileType = text.script.perl; path = disbatch.pl; sourceTree = "<group>"; };
		9375E144149284940091013A /* disbatchd.pl */ = {isa = PBXFileReference; lastKnownFileType = text.script.perl; path = disbatchd.pl; sourceTree = "<group>"; };
		9375E174149284940091013A /* ensure_mongo_indices */ = {isa = PBXFileReference; lastKnownFileType = text; path = ensure_mongo_indices; sourceTree = "<group>"; };
		9375E6EC149284950091013A /* EventBus.pm */ = {isa = PBXFileReference; lastKnownFileType = text.script.perl; path = EventBus.pm; sourceTree = "<group>"; };
		9375E6ED149284950091013A /* EventBus.pm-sysv */ = {isa = PBXFileReference; lastKnownFileType = text; path = "EventBus.pm-sysv"; sourceTree = "<group>"; };
		9375E6EE149284950091013A /* EventBus.pm-thread */ = {isa = PBXFileReference; lastKnownFileType = text; path = "EventBus.pm-thread"; sourceTree = "<group>"; };
		9375E6F2149284950091013A /* Backend.pm */ = {isa = PBXFileReference; lastKnownFileType = text.script.perl; path = Backend.pm; sourceTree = "<group>"; };
		9375E6F3149284950091013A /* ChunkedTaskFactory.pm */ = {isa = PBXFileReference; lastKnownFileType = text.script.perl; path = ChunkedTaskFactory.pm; sourceTree = "<group>"; };
		9375E6F4149284950091013A /* Engine.pm */ = {isa = PBXFileReference; lastKnownFileType = text.script.perl; path = Engine.pm; sourceTree = "<group>"; };
		9375E6F5149284950091013A /* HTTP.pm */ = {isa = PBXFileReference; lastKnownFileType = text.script.perl; path = HTTP.pm; sourceTree = "<group>"; };
		9375E6F7149284950091013A /* Users.pm */ = {isa = PBXFileReference; lastKnownFileType = text.script.perl; path = Users.pm; sourceTree = "<group>"; };
		9375E6F9149284950091013A /* Enclosure.pm */ = {isa = PBXFileReference; lastKnownFileType = text.script.perl; path = Enclosure.pm; sourceTree = "<group>"; };
		9375E6FA149284950091013A /* Queue.pm */ = {isa = PBXFileReference; lastKnownFileType = text.script.perl; path = Queue.pm; sourceTree = "<group>"; };
		9375E6FB149284950091013A /* Task.pm */ = {isa = PBXFileReference; lastKnownFileType = text.script.perl; path = Task.pm; sourceTree = "<group>"; };
		9375E6FC149284950091013A /* Timer.pm */ = {isa = PBXFileReference; lastKnownFileType = text.script.perl; path = Timer.pm; sourceTree = "<group>"; };
		9375E6FD149284950091013A /* WorkerThread.pm */ = {isa = PBXFileReference; lastKnownFileType = text.script.perl; path = WorkerThread.pm; sourceTree = "<group>"; };
		9375E700149284950091013A /* ABB.pm */ = {isa = PBXFileReference; lastKnownFileType = text.script.perl; path = ABB.pm; sourceTree = "<group>"; };
		9375E701149284950091013A /* IMAP2IMAP.pm */ = {isa = PBXFileReference; lastKnownFileType = text.script.perl; path = IMAP2IMAP.pm; sourceTree = "<group>"; };
		9375E702149284950091013A /* IMAP2IMAP.pmDumper */ = {isa = PBXFileReference; lastKnownFileType = text; path = IMAP2IMAP.pmDumper; sourceTree = "<group>"; };
		9375E703149284950091013A /* InsightPassword.pm */ = {isa = PBXFileReference; lastKnownFileType = text.script.perl; path = InsightPassword.pm; sourceTree = "<group>"; };
		9375E705149284950091013A /* UserCreate.pm */ = {isa = PBXFileReference; lastKnownFileType = text.script.perl; path = UserCreate.pm; sourceTree = "<group>"; };
		9375E706149284950091013A /* Tesco.pm */ = {isa = PBXFileReference; lastKnownFileType = text.script.perl; path = Tesco.pm; sourceTree = "<group>"; };
		9375E708149284950091013A /* CalendarImport.pm */ = {isa = PBXFileReference; lastKnownFileType = text.script.perl; path = CalendarImport.pm; sourceTree = "<group>"; };
		9375E709149284950091013A /* ContactImport.pm */ = {isa = PBXFileReference; lastKnownFileType = text.script.perl; path = ContactImport.pm; sourceTree = "<group>"; };
		9375E70A149284950091013A /* InsightUserImport.pm */ = {isa = PBXFileReference; lastKnownFileType = text.script.perl; path = InsightUserImport.pm; sourceTree = "<group>"; };
		9375E70B149284950091013A /* UserImport.pm */ = {isa = PBXFileReference; lastKnownFileType = text.script.perl; path = UserImport.pm; sourceTree = "<group>"; };
		9375E70C149284950091013A /* Utils.pm */ = {isa = PBXFileReference; lastKnownFileType = text.script.perl; path = Utils.pm; sourceTree = "<group>"; };
		9375E70E149284950091013A /* imapsync.pm */ = {isa = PBXFileReference; lastKnownFileType = text.script.perl; path = imapsync.pm; sourceTree = "<group>"; };
		9375E70F149284950091013A /* rdisbatchtask.pm */ = {isa = PBXFileReference; lastKnownFileType = text.script.perl; path = rdisbatchtask.pm; sourceTree = "<group>"; };
		9375E710149284950091013A /* Timer.pm */ = {isa = PBXFileReference; lastKnownFileType = text.script.perl; path = Timer.pm; sourceTree = "<group>"; };
/* End PBXFileReference section */

/* Begin PBXGroup section */
		9375E11C149284940091013A /* disbatch-perl */ = {
			isa = PBXGroup;
			children = (
				9375E11D149284940091013A /* bak */,
				9375E127149284940091013A /* bak-apr8 */,
				9375E139149284940091013A /* DESIGN.pod */,
				9375E13A149284940091013A /* disbatch-perl */,
				9375E13E149284940091013A /* disbatch.d */,
				9375E140149284940091013A /* disbatch.ini */,
				9375E143149284940091013A /* disbatch.pl */,
				9375E144149284940091013A /* disbatchd.pl */,
				9375E174149284940091013A /* ensure_mongo_indices */,
				9375E6EA149284950091013A /* Pinscher */,
				9375E6F0149284950091013A /* Synacor */,
			);
			name = "disbatch-perl";
			path = ..;
			sourceTree = "<group>";
		};
		9375E11D149284940091013A /* bak */ = {
			isa = PBXGroup;
			children = (
				9375E11E149284940091013A /* convert-insight.pl */,
				9375E11F149284940091013A /* createContactFolders.pl */,
				9375E120149284940091013A /* disbatch.pl */,
				9375E121149284940091013A /* disbatchd.pl */,
				9375E122149284940091013A /* insAttrs.pl */,
				9375E123149284940091013A /* insContacts.pl */,
				9375E124149284940091013A /* insight-report.pl */,
				9375E125149284940091013A /* insReactivate.pl */,
				9375E126149284940091013A /* test.pl */,
			);
			path = bak;
			sourceTree = "<group>";
		};
		9375E127149284940091013A /* bak-apr8 */ = {
			isa = PBXGroup;
			children = (
				9375E128149284940091013A /* convert-insight.pl */,
				9375E129149284940091013A /* createContactFolders.pl */,
				9375E12A149284940091013A /* createContactFolders.pm */,
				9375E12B149284940091013A /* disbatch.pl */,
				9375E12C149284940091013A /* disbatchd.pl */,
				9375E12D149284940091013A /* insAttrs.pl */,
				9375E12E149284940091013A /* insContacts.pl */,
				9375E12F149284940091013A /* insFilters.pl */,
				9375E130149284940091013A /* insFilters_soap.pl */,
				9375E131149284940091013A /* insight-dump.pl */,
				9375E132149284940091013A /* insight-redo-ldap.pl */,
				9375E133149284940091013A /* insight-report.pl */,
				9375E134149284940091013A /* insReactivate.pl */,
				9375E135149284940091013A /* test.pl */,
				9375E136149284940091013A /* update-users.pl */,
			);
			path = "bak-apr8";
			sourceTree = "<group>";
		};
		9375E13A149284940091013A /* disbatch-perl */ = {
			isa = PBXGroup;
			children = (
				9375E13B149284940091013A /* disbatch-perl.xcodeproj */,
			);
			path = "disbatch-perl";
			sourceTree = "<group>";
		};
		9375E13C149284940091013A /* Products */ = {
			isa = PBXGroup;
			name = Products;
			sourceTree = "<group>";
		};
		9375E13E149284940091013A /* disbatch.d */ = {
			isa = PBXGroup;
			children = (
				9375E13F149284940091013A /* enclosure.ini */,
			);
			path = disbatch.d;
			sourceTree = "<group>";
		};
		9375E6EA149284950091013A /* Pinscher */ = {
			isa = PBXGroup;
			children = (
				9375E6EB149284950091013A /* Core */,
			);
			path = Pinscher;
			sourceTree = "<group>";
		};
		9375E6EB149284950091013A /* Core */ = {
			isa = PBXGroup;
			children = (
				9375E6EC149284950091013A /* EventBus.pm */,
				9375E6ED149284950091013A /* EventBus.pm-sysv */,
				9375E6EE149284950091013A /* EventBus.pm-thread */,
			);
			path = Core;
			sourceTree = "<group>";
		};
		9375E6F0149284950091013A /* Synacor */ = {
			isa = PBXGroup;
			children = (
				9375E6F1149284950091013A /* Disbatch */,
				9375E6FE149284950091013A /* Migration */,
				9375E70D149284950091013A /* Util */,
			);
			path = Synacor;
			sourceTree = "<group>";
		};
		9375E6F1149284950091013A /* Disbatch */ = {
			isa = PBXGroup;
			children = (
				9375E6F2149284950091013A /* Backend.pm */,
				9375E6F3149284950091013A /* ChunkedTaskFactory.pm */,
				9375E6F4149284950091013A /* Engine.pm */,
				9375E6F5149284950091013A /* HTTP.pm */,
				9375E6F6149284950091013A /* Input */,
				9375E6F8149284950091013A /* Queue */,
				9375E6FA149284950091013A /* Queue.pm */,
				9375E6FB149284950091013A /* Task.pm */,
				9375E6FC149284950091013A /* Timer.pm */,
				9375E6FD149284950091013A /* WorkerThread.pm */,
			);
			path = Disbatch;
			sourceTree = "<group>";
		};
		9375E6F6149284950091013A /* Input */ = {
			isa = PBXGroup;
			children = (
				9375E6F7149284950091013A /* Users.pm */,
			);
			path = Input;
			sourceTree = "<group>";
		};
		9375E6F8149284950091013A /* Queue */ = {
			isa = PBXGroup;
			children = (
				9375E6F9149284950091013A /* Enclosure.pm */,
			);
			path = Queue;
			sourceTree = "<group>";
		};
		9375E6FE149284950091013A /* Migration */ = {
			isa = PBXGroup;
			children = (
				9375E6FF149284950091013A /* Plugins */,
			);
			path = Migration;
			sourceTree = "<group>";
		};
		9375E6FF149284950091013A /* Plugins */ = {
			isa = PBXGroup;
			children = (
				9375E700149284950091013A /* ABB.pm */,
				9375E701149284950091013A /* IMAP2IMAP.pm */,
				9375E702149284950091013A /* IMAP2IMAP.pmDumper */,
				9375E703149284950091013A /* InsightPassword.pm */,
				9375E704149284950091013A /* Qwest */,
				9375E706149284950091013A /* Tesco.pm */,
				9375E707149284950091013A /* Zimbra */,
			);
			path = Plugins;
			sourceTree = "<group>";
		};
		9375E704149284950091013A /* Qwest */ = {
			isa = PBXGroup;
			children = (
				9375E705149284950091013A /* UserCreate.pm */,
			);
			path = Qwest;
			sourceTree = "<group>";
		};
		9375E707149284950091013A /* Zimbra */ = {
			isa = PBXGroup;
			children = (
				9375E708149284950091013A /* CalendarImport.pm */,
				9375E709149284950091013A /* ContactImport.pm */,
				9375E70A149284950091013A /* InsightUserImport.pm */,
				9375E70B149284950091013A /* UserImport.pm */,
				9375E70C149284950091013A /* Utils.pm */,
			);
			path = Zimbra;
			sourceTree = "<group>";
		};
		9375E70D149284950091013A /* Util */ = {
			isa = PBXGroup;
			children = (
				9375E70E149284950091013A /* imapsync.pm */,
				9375E70F149284950091013A /* rdisbatchtask.pm */,
				9375E710149284950091013A /* Timer.pm */,
			);
			path = Util;
			sourceTree = "<group>";
		};
		939CDA39149279FA00FEAA2D = {
			isa = PBXGroup;
			children = (
				9375E11C149284940091013A /* disbatch-perl */,
			);
			sourceTree = "<group>";
		};
/* End PBXGroup section */

/* Begin PBXProject section */
		939CDA3B149279FA00FEAA2D /* Project object */ = {
			isa = PBXProject;
			attributes = {
				LastUpgradeCheck = 0420;
			};
			buildConfigurationList = 939CDA3E149279FA00FEAA2D /* Build configuration list for PBXProject "disbatch-perl" */;
			compatibilityVersion = "Xcode 3.2";
			developmentRegion = English;
			hasScannedForEncodings = 0;
			knownRegions = (
				en,
			);
			mainGroup = 939CDA39149279FA00FEAA2D;
			projectDirPath = "";
			projectReferences = (
				{
					ProductGroup = 9375E13C149284940091013A /* Products */;
					ProjectRef = 9375E13B149284940091013A /* disbatch-perl.xcodeproj */;
				},
			);
			projectRoot = "";
			targets = (
			);
		};
/* End PBXProject section */

/* Begin XCBuildConfiguration section */
		939CDA40149279FA00FEAA2D /* Debug */ = {
			isa = XCBuildConfiguration;
			buildSettings = {
			};
			name = Debug;
		};
		939CDA41149279FA00FEAA2D /* Release */ = {
			isa = XCBuildConfiguration;
			buildSettings = {
			};
			name = Release;
		};
/* End XCBuildConfiguration section */

/* Begin XCConfigurationList section */
		939CDA3E149279FA00FEAA2D /* Build configuration list for PBXProject "disbatch-perl" */ = {
			isa = XCConfigurationList;
			buildConfigurations = (
				939CDA40149279FA00FEAA2D /* Debug */,
				939CDA41149279FA00FEAA2D /* Release */,
			);
			defaultConfigurationIsVisible = 0;
			defaultConfigurationName = Release;
		};
/* End XCConfigurationList section */
	};
	rootObject = 939CDA3B149279FA00FEAA2D /* Project object */;
}
